
Microsoft Visual Studio Solution File, Format Version 12.00
# Visual Studio Version 17
VisualStudioVersion = 17.5.33516.290
MinimumVisualStudioVersion = 10.0.40219.1
Project("{8BC9CEB8-8B4A-11D0-8D11-00A0C91BC942}") = "Soru_5", "Soru_5.vcxproj", "{D4D124F0-066C-4D9D-936C-6EE0EBD0F897}"
EndProject
Global
	GlobalSection(SolutionConfigurationPlatforms) = preSolution
		Debug|x64 = Debug|x64
		Debug|x86 = Debug|x86
		Release|x64 = Release|x64
		Release|x86 = Release|x86
	EndGlobalSection
	GlobalSection(ProjectConfigurationPlatforms) = postSolution
		{D4D124F0-066C-4D9D-936C-6EE0EBD0F897}.Debug|x64.ActiveCfg = Debug|x64
		{D4D124F0-066C-4D9D-936C-6EE0EBD0F897}.Debug|x64.Build.0 = Debug|x64
		{D4D124F0-066C-4D9D-936C-6EE0EBD0F897}.Debug|x86.ActiveCfg = Debug|Win32
		{D4D124F0-066C-4D9D-936C-6EE0EBD0F897}.Debug|x86.Build.0 = Debug|Win32
		{D4D124F0-066C-4D9D-936C-6EE0EBD0F897}.Release|x64.ActiveCfg = Release|x64
		{D4D124F0-066C-4D9D-936C-6EE0EBD0F897}.Release|x64.Build.0 = Release|x64
		{D4D124F0-066C-4D9D-936C-6EE0EBD0F897}.Release|x86.ActiveCfg = Release|Win32
		{D4D124F0-066C-4D9D-936C-6EE0EBD0F897}.Release|x86.Build.0 = Release|Win32
	EndGlobalSection
	GlobalSection(SolutionProperties) = preSolution
		HideSolutionNode = FALSE
	EndGlobalSection
	GlobalSection(ExtensibilityGlobals) = postSolution
		SolutionGuid = {AD947C6B-1335-4B87-975F-3B1CD81855E8}
	EndGlobalSection
EndGlobal
